Microsoft Visual Studio Solution File, Format Version 12.00
# Visual Studio Version 17
VisualStudioVersion = 17.5.2.0
MinimumVisualStudioVersion = 10.0.40219.1
Project("{2150E333-8FDC-42A3-9474-1A3956D46DE8}") = "RealEstate.Api", "RealEstate.Api", "{5D96D2A6-7BBD-C21C-B2DB-724621C6F5FF}"
EndProject
Project("{FAE04EC0-301F-11D3-BF4B-00C04F79EFBC}") = "RealEstate.API", "RealEstate.Api\RealEstate.API\RealEstate.API.csproj", "{2531458E-5846-ADA2-4543-771B916C1B9F}"
EndProject
Global
	GlobalSection(SolutionConfigurationPlatforms) = preSolution
		Debug|Any CPU = Debug|Any CPU
		Release|Any CPU = Release|Any CPU
	EndGlobalSection
	GlobalSection(ProjectConfigurationPlatforms) = postSolution
		{2531458E-5846-ADA2-4543-771B916C1B9F}.Debug|Any CPU.ActiveCfg = Debug|Any CPU
		{2531458E-5846-ADA2-4543-771B916C1B9F}.Debug|Any CPU.Build.0 = Debug|Any CPU
		{2531458E-5846-ADA2-4543-771B916C1B9F}.Release|Any CPU.ActiveCfg = Release|Any CPU
		{2531458E-5846-ADA2-4543-771B916C1B9F}.Release|Any CPU.Build.0 = Release|Any CPU
	EndGlobalSection
	GlobalSection(SolutionProperties) = preSolution
		HideSolutionNode = FALSE
	EndGlobalSection
	GlobalSection(NestedProjects) = preSolution
		{2531458E-5846-ADA2-4543-771B916C1B9F} = {5D96D2A6-7BBD-C21C-B2DB-724621C6F5FF}
	EndGlobalSection
	GlobalSection(ExtensibilityGlobals) = postSolution
		SolutionGuid = {72BD1C4B-D0AD-4A3E-8FE5-C45BAC26F94A}
	EndGlobalSection
EndGlobal
